
Microsoft Visual Studio Solution File, Format Version 12.00
# Visual Studio Version 17
VisualStudioVersion = 17.10.35013.160
MinimumVisualStudioVersion = 10.0.40219.1
Project("{FAE04EC0-301F-11D3-BF4B-00C04F79EFBC}") = "CRUD_Operation_Task", "CRUD_Operation_Task\CRUD_Operation_Task.csproj", "{213BB570-4693-4F5B-9664-9DA3CAEE43EC}"
EndProject
Global
	GlobalSection(SolutionConfigurationPlatforms) = preSolution
		Debug|Any CPU = Debug|Any CPU
		Release|Any CPU = Release|Any CPU
	EndGlobalSection
	GlobalSection(ProjectConfigurationPlatforms) = postSolution
		{213BB570-4693-4F5B-9664-9DA3CAEE43EC}.Debug|Any CPU.ActiveCfg = Debug|Any CPU
		{213BB570-4693-4F5B-9664-9DA3CAEE43EC}.Debug|Any CPU.Build.0 = Debug|Any CPU
		{213BB570-4693-4F5B-9664-9DA3CAEE43EC}.Release|Any CPU.ActiveCfg = Release|Any CPU
		{213BB570-4693-4F5B-9664-9DA3CAEE43EC}.Release|Any CPU.Build.0 = Release|Any CPU
	EndGlobalSection
	GlobalSection(SolutionProperties) = preSolution
		HideSolutionNode = FALSE
	EndGlobalSection
	GlobalSection(ExtensibilityGlobals) = postSolution
		SolutionGuid = {78A6FDDC-6B10-44DE-A846-3F4F5AE3B8D5}
	EndGlobalSection
EndGlobal
